# THIS IS AN AUTOGENERATED FILE. DO NOT EDIT THIS FILE DIRECTLY.
# yarn lockfile v1


"@tensorflow/tfjs-backend-cpu@2.0.1":
  version "2.0.1"
  resolved "https://registry.yarnpkg.com/@tensorflow/tfjs-backend-cpu/-/tfjs-backend-cpu-2.0.1.tgz#959a5bbc7f956ff37c4fbced2db75cd299ce76c4"
  integrity sha512-ZTDdq+O6AgeOrkek42gmPWz2T0r8Y6dBGjEFWkCMLI/5v3KnkodUkHRQOUoIN5hiaPXnBp6425DpwT9CfxxJOg==
  dependencies:
    "@types/seedrandom" "2.4.27"
    seedrandom "2.4.3"

"@tensorflow/tfjs-backend-webgl@2.0.1":
  version "2.0.1"
  resolved "https://registry.yarnpkg.com/@tensorflow/tfjs-backend-webgl/-/tfjs-backend-webgl-2.0.1.tgz#08eaff7fe9a7533b4d62475ec6220e843962af89"
  integrity sha512-Z0MNsbHyRBr2lHu4FKtmBgGGfmBOqB0zwN69d2uSEEvy/IsgtrGAwBVbB/Vv3hEK35RmgsaknKGergNugm23FQ==
  dependencies:
    "@tensorflow/tfjs-backend-cpu" "2.0.1"
    "@types/offscreencanvas" "~2019.3.0"
    "@types/seedrandom" "2.4.27"
    "@types/webgl-ext" "0.0.30"
    "@types/webgl2" "0.0.4"
    seedrandom "2.4.3"

"@tensorflow/tfjs-converter@2.0.1":
  version "2.0.1"
  resolved "https://registry.yarnpkg.com/@tensorflow/tfjs-converter/-/tfjs-converter-2.0.1.tgz#0696455e6b6ed14e6f5f9cd937f8f2015a16569f"
  integrity sha512-AI4oUZ3Tv8l7fXeuLNJ3/vIp8shMo/VmtBlhIJye8i5FwMqSlZf984q3Jk6ES4lOxUdkmDehILf7uVNQX2Yb/w==

"@tensorflow/tfjs-core@2.0.1":
  version "2.0.1"
  resolved "https://registry.yarnpkg.com/@tensorflow/tfjs-core/-/tfjs-core-2.0.1.tgz#c64928423028e9e1821f7205367b1ff1f57ae3af"
  integrity sha512-LCmEXeGFgR3ai+ywGDYBqt4aCOSzEBlVKEflF1gAT22YcQuYh+/X4f58jY3yXfC+cn/FfIJFc2uj8b+D0MNWLQ==
  dependencies:
    "@types/offscreencanvas" "~2019.3.0"
    "@types/seedrandom" "2.4.27"
    "@types/webgl-ext" "0.0.30"
    "@types/webgl2" "0.0.4"
    node-fetch "~2.1.2"
    seedrandom "2.4.3"

"@tensorflow/tfjs-data@2.0.1":
  version "2.0.1"
  resolved "https://registry.yarnpkg.com/@tensorflow/tfjs-data/-/tfjs-data-2.0.1.tgz#e891cb30fd933398eb8f328af2535720c3a34b84"
  integrity sha512-eg0XmDE/v3It3pTO+g8hVjaO8V/wZVK0wvQx/QshIk/OmzI3aWeJPf1x081UBhTNv6Pi/DyfaN1NZs0IGYFQbQ==
  dependencies:
    "@types/node-fetch" "^2.1.2"
    node-fetch "~2.1.2"

"@tensorflow/tfjs-layers@2.0.1":
  version "2.0.1"
  resolved "https://registry.yarnpkg.com/@tensorflow/tfjs-layers/-/tfjs-layers-2.0.1.tgz#4b48841fe1b2831dabcb06fd7cb69c98c92a4596"
  integrity sha512-ih7/KyhC2Ci/31UfB9frYbqUW59Zj5UVp22apyscyIqrRdBXhVtJIUnd4O5OXis0j9BOdzAQnBoOAa8S/T8JsA==

"@tensorflow/tfjs@^2.0.1":
  version "2.0.1"
  resolved "https://registry.yarnpkg.com/@tensorflow/tfjs/-/tfjs-2.0.1.tgz#f72193c9433080c31efe0d48b77b21c4fae74ade"
  integrity sha512-XMI8gH1k0ushRR7hWAUXoy0WiAil2R7zOU6oz9AMioXTFK2cEn08xgpTXS7KLZUS4CnXN4NHOKbYn3/Dp+CSTA==
  dependencies:
    "@tensorflow/tfjs-backend-cpu" "2.0.1"
    "@tensorflow/tfjs-backend-webgl" "2.0.1"
    "@tensorflow/tfjs-converter" "2.0.1"
    "@tensorflow/tfjs-core" "2.0.1"
    "@tensorflow/tfjs-data" "2.0.1"
    "@tensorflow/tfjs-layers" "2.0.1"
    core-js "3"
    regenerator-runtime "^0.13.5"

"@types/node-fetch@^2.1.2":
  version "2.5.7"
  resolved "https://registry.yarnpkg.com/@types/node-fetch/-/node-fetch-2.5.7.tgz#20a2afffa882ab04d44ca786449a276f9f6bbf3c"
  integrity sha512-o2WVNf5UhWRkxlf6eq+jMZDu7kjgpgJfl4xVNlvryc95O/6F2ld8ztKX+qu+Rjyet93WAWm5LjeX9H5FGkODvw==
  dependencies:
    "@types/node" "*"
    form-data "^3.0.0"

"@types/node@*":
  version "14.0.22"
  resolved "https://registry.yarnpkg.com/@types/node/-/node-14.0.22.tgz#23ea4d88189cec7d58f9e6b66f786b215eb61bdc"
  integrity sha512-emeGcJvdiZ4Z3ohbmw93E/64jRzUHAItSHt8nF7M4TGgQTiWqFVGB8KNpLGFmUHmHLvjvBgFwVlqNcq+VuGv9g==

"@types/offscreencanvas@~2019.3.0":
  version "2019.3.0"
  resolved "https://registry.yarnpkg.com/@types/offscreencanvas/-/offscreencanvas-2019.3.0.tgz#3336428ec7e9180cf4566dfea5da04eb586a6553"
  integrity sha512-esIJx9bQg+QYF0ra8GnvfianIY8qWB0GBx54PK5Eps6m+xTj86KLavHv6qDhzKcu5UUOgNfJ2pWaIIV7TRUd9Q==

"@types/seedrandom@2.4.27":
  version "2.4.27"
  resolved "https://registry.yarnpkg.com/@types/seedrandom/-/seedrandom-2.4.27.tgz#9db563937dd86915f69092bc43259d2f48578e41"
  integrity sha1-nbVjk33YaRX2kJK8QyWdL0hXjkE=

"@types/webgl-ext@0.0.30":
  version "0.0.30"
  resolved "https://registry.yarnpkg.com/@types/webgl-ext/-/webgl-ext-0.0.30.tgz#0ce498c16a41a23d15289e0b844d945b25f0fb9d"
  integrity sha512-LKVgNmBxN0BbljJrVUwkxwRYqzsAEPcZOe6S2T6ZaBDIrFp0qu4FNlpc5sM1tGbXUYFgdVQIoeLk1Y1UoblyEg==

"@types/webgl2@0.0.4":
  version "0.0.4"
  resolved "https://registry.yarnpkg.com/@types/webgl2/-/webgl2-0.0.4.tgz#c3b0f9d6b465c66138e84e64cb3bdf8373c2c279"
  integrity sha512-PACt1xdErJbMUOUweSrbVM7gSIYm1vTncW2hF6Os/EeWi6TXYAYMPp+8v6rzHmypE5gHrxaxZNXgMkJVIdZpHw==

asynckit@^0.4.0:
  version "0.4.0"
  resolved "https://registry.yarnpkg.com/asynckit/-/asynckit-0.4.0.tgz#c79ed97f7f34cb8f2ba1bc9790bcc366474b4b79"
  integrity sha1-x57Zf380y48robyXkLzDZkdLS3k=

combined-stream@^1.0.8:
  version "1.0.8"
  resolved "https://registry.yarnpkg.com/combined-stream/-/combined-stream-1.0.8.tgz#c3d45a8b34fd730631a110a8a2520682b31d5a7f"
  integrity sha512-FQN4MRfuJeHf7cBbBMJFXhKSDq+2kAArBlmRBvcvFE5BB1HZKXtSFASDhdlz9zOYwxh8lDdnvmMOe/+5cdoEdg==
  dependencies:
    delayed-stream "~1.0.0"

core-js@3:
  version "3.6.5"
  resolved "https://registry.yarnpkg.com/core-js/-/core-js-3.6.5.tgz#7395dc273af37fb2e50e9bd3d9fe841285231d1a"
  integrity sha512-vZVEEwZoIsI+vPEuoF9Iqf5H7/M3eeQqWlQnYa8FSKKePuYTf5MWnxb5SDAzCa60b3JBRS5g9b+Dq7b1y/RCrA==

delayed-stream@~1.0.0:
  version "1.0.0"
  resolved "https://registry.yarnpkg.com/delayed-stream/-/delayed-stream-1.0.0.tgz#df3ae199acadfb7d440aaae0b29e2272b24ec619"
  integrity sha1-3zrhmayt+31ECqrgsp4icrJOxhk=

form-data@^3.0.0:
  version "3.0.0"
  resolved "https://registry.yarnpkg.com/form-data/-/form-data-3.0.0.tgz#31b7e39c85f1355b7139ee0c647cf0de7f83c682"
  integrity sha512-CKMFDglpbMi6PyN+brwB9Q/GOw0eAnsrEZDgcsH5Krhz5Od/haKHAX0NmQfha2zPPz0JpWzA7GJHGSnvCRLWsg==
  dependencies:
    asynckit "^0.4.0"
    combined-stream "^1.0.8"
    mime-types "^2.1.12"

mime-db@1.44.0:
  version "1.44.0"
  resolved "https://registry.yarnpkg.com/mime-db/-/mime-db-1.44.0.tgz#fa11c5eb0aca1334b4233cb4d52f10c5a6272f92"
  integrity sha512-/NOTfLrsPBVeH7YtFPgsVWveuL+4SjjYxaQ1xtM1KMFj7HdxlBlxeyNLzhyJVx7r4rZGJAZ/6lkKCitSc/Nmpg==

mime-types@^2.1.12:
  version "2.1.27"
  resolved "https://registry.yarnpkg.com/mime-types/-/mime-types-2.1.27.tgz#47949f98e279ea53119f5722e0f34e529bec009f"
  integrity sha512-JIhqnCasI9yD+SsmkquHBxTSEuZdQX5BuQnS2Vc7puQQQ+8yiP5AY5uWhpdv4YL4VM5c6iliiYWPgJ/nJQLp7w==
  dependencies:
    mime-db "1.44.0"

node-fetch@~2.1.2:
  version "2.1.2"
  resolved "https://registry.yarnpkg.com/node-fetch/-/node-fetch-2.1.2.tgz#ab884e8e7e57e38a944753cec706f788d1768bb5"
  integrity sha1-q4hOjn5X44qUR1POxwb3iNF2i7U=

regenerator-runtime@^0.13.5:
  version "0.13.5"
  resolved "https://registry.yarnpkg.com/regenerator-runtime/-/regenerator-runtime-0.13.5.tgz#d878a1d094b4306d10b9096484b33ebd55e26697"
  integrity sha512-ZS5w8CpKFinUzOwW3c83oPeVXoNsrLsaCoLtJvAClH135j/R77RuymhiSErhm2lKcwSCIpmvIWSbDkIfAqKQlA==

seedrandom@2.4.3:
  version "2.4.3"
  resolved "https://registry.yarnpkg.com/seedrandom/-/seedrandom-2.4.3.tgz#2438504dad33917314bff18ac4d794f16d6aaecc"
  integrity sha1-JDhQTa0zkXMUv/GKxNeU8W1qrsw=

typescript@^3.9.6:
  version "3.9.6"
  resolved "https://registry.yarnpkg.com/typescript/-/typescript-3.9.6.tgz#8f3e0198a34c3ae17091b35571d3afd31999365a"
  integrity sha512-Pspx3oKAPJtjNwE92YS05HQoY7z2SFyOpHo9MqJor3BXAGNaPUs83CuVp9VISFkSjyRfiTpmKuAYGJB7S7hOxw==
